
Microsoft Visual Studio Solution File, Format Version 12.00
# Visual Studio Version 17
VisualStudioVersion = 17.0.31912.275
MinimumVisualStudioVersion = 10.0.40219.1
Project("{FAE04EC0-301F-11D3-BF4B-00C04F79EFBC}") = "CarExercisesApp", "CarExercisesApp\CarExercisesApp.csproj", "{881E2F3C-D492-4D03-BA33-97989CBAC86D}"
EndProject
Global
	GlobalSection(SolutionConfigurationPlatforms) = preSolution
		Debug|Any CPU = Debug|Any CPU
		Release|Any CPU = Release|Any CPU
	EndGlobalSection
	GlobalSection(ProjectConfigurationPlatforms) = postSolution
		{881E2F3C-D492-4D03-BA33-97989CBAC86D}.Debug|Any CPU.ActiveCfg = Debug|Any CPU
		{881E2F3C-D492-4D03-BA33-97989CBAC86D}.Debug|Any CPU.Build.0 = Debug|Any CPU
		{881E2F3C-D492-4D03-BA33-97989CBAC86D}.Release|Any CPU.ActiveCfg = Release|Any CPU
		{881E2F3C-D492-4D03-BA33-97989CBAC86D}.Release|Any CPU.Build.0 = Release|Any CPU
	EndGlobalSection
	GlobalSection(SolutionProperties) = preSolution
		HideSolutionNode = FALSE
	EndGlobalSection
	GlobalSection(ExtensibilityGlobals) = postSolution
		SolutionGuid = {DA3D88C4-3AC5-40FA-9450-73A57D337969}
	EndGlobalSection
EndGlobal
